lockVersion: 2.0.0
id: 8a4eac39-6713-4ddc-9ce6-7a233c1cb864
management:
  docChecksum: fe6e05a1681ca7fbce9fdeb984447f00
  docVersion: 0.0.1
  speakeasyVersion: 1.308.2
  generationVersion: 2.342.6
  releaseVersion: 0.1.0
  configChecksum: 72c9f0b80845b4aa4ee5fe4a93856238
features:
  terraform:
    additionalDependencies: 0.1.0
    constsAndDefaults: 0.1.4
    core: 3.21.3
    globalServerURLs: 2.82.1
    inputOutputModels: 2.83.0
    typeOverrides: 2.81.1
generatedFiles:
  - internal/sdk/acls.go
  - internal/sdk/basicauthcredentials.go
  - internal/sdk/cacertificates.go
  - internal/sdk/certificates.go
  - internal/sdk/consumergroups.go
  - internal/sdk/consumers.go
  - internal/sdk/hmacauthcredentials.go
  - internal/sdk/jwts.go
  - internal/sdk/apikeys.go
  - internal/sdk/keysets.go
  - internal/sdk/keys.go
  - internal/sdk/plugins.go
  - internal/sdk/routes.go
  - internal/sdk/services.go
  - internal/sdk/snis.go
  - internal/sdk/upstreams.go
  - internal/sdk/targets.go
  - internal/sdk/vaults.go
  - internal/sdk/konggateway.go
  - internal/sdk/models/errors/sdkerror.go
  - internal/sdk/types/bigint.go
  - internal/sdk/types/date.go
  - internal/sdk/types/datetime.go
  - internal/sdk/types/decimal.go
  - internal/sdk/types/pointers.go
  - internal/sdk/internal/utils/contenttype.go
  - internal/sdk/internal/utils/form.go
  - internal/sdk/internal/utils/headers.go
  - internal/sdk/internal/utils/json.go
  - internal/sdk/internal/utils/pathparams.go
  - internal/sdk/internal/utils/queryparams.go
  - internal/sdk/internal/utils/requestbody.go
  - internal/sdk/internal/utils/retries.go
  - internal/sdk/internal/utils/security.go
  - internal/sdk/internal/utils/utils.go
  - internal/sdk/models/operations/listacl.go
  - internal/sdk/models/operations/createacl.go
  - internal/sdk/models/operations/deleteacl.go
  - internal/sdk/models/operations/getacl.go
  - internal/sdk/models/operations/updateacl.go
  - internal/sdk/models/operations/upsertacl.go
  - internal/sdk/models/operations/listbasicauth.go
  - internal/sdk/models/operations/createbasicauth.go
  - internal/sdk/models/operations/deletebasicauth.go
  - internal/sdk/models/operations/getbasicauth.go
  - internal/sdk/models/operations/updatebasicauth.go
  - internal/sdk/models/operations/upsertbasicauth.go
  - internal/sdk/models/operations/listcacertificate.go
  - internal/sdk/models/operations/createcacertificate.go
  - internal/sdk/models/operations/deletecacertificate.go
  - internal/sdk/models/operations/getcacertificate.go
  - internal/sdk/models/operations/updatecacertificate.go
  - internal/sdk/models/operations/upsertcacertificate.go
  - internal/sdk/models/operations/listcertificate.go
  - internal/sdk/models/operations/createcertificate.go
  - internal/sdk/models/operations/deletecertificate.go
  - internal/sdk/models/operations/getcertificate.go
  - internal/sdk/models/operations/updatecertificate.go
  - internal/sdk/models/operations/upsertcertificate.go
  - internal/sdk/models/operations/listconsumergroup.go
  - internal/sdk/models/operations/createconsumergroup.go
  - internal/sdk/models/operations/deleteconsumergroup.go
  - internal/sdk/models/operations/getconsumergroup.go
  - internal/sdk/models/operations/updateconsumergroup.go
  - internal/sdk/models/operations/upsertconsumergroup.go
  - internal/sdk/models/operations/listconsumer.go
  - internal/sdk/models/operations/createconsumer.go
  - internal/sdk/models/operations/deleteconsumer.go
  - internal/sdk/models/operations/getconsumer.go
  - internal/sdk/models/operations/updateconsumer.go
  - internal/sdk/models/operations/upsertconsumer.go
  - internal/sdk/models/operations/listhmacauth.go
  - internal/sdk/models/operations/createhmacauth.go
  - internal/sdk/models/operations/deletehmacauth.go
  - internal/sdk/models/operations/gethmacauth.go
  - internal/sdk/models/operations/updatehmacauth.go
  - internal/sdk/models/operations/upserthmacauth.go
  - internal/sdk/models/operations/listjwt.go
  - internal/sdk/models/operations/createjwt.go
  - internal/sdk/models/operations/deletejwt.go
  - internal/sdk/models/operations/getjwt.go
  - internal/sdk/models/operations/updatejwt.go
  - internal/sdk/models/operations/upsertjwt.go
  - internal/sdk/models/operations/listkeyauth.go
  - internal/sdk/models/operations/createkeyauth.go
  - internal/sdk/models/operations/deletekeyauth.go
  - internal/sdk/models/operations/getkeyauth.go
  - internal/sdk/models/operations/updatekeyauth.go
  - internal/sdk/models/operations/upsertkeyauth.go
  - internal/sdk/models/operations/listkeyset.go
  - internal/sdk/models/operations/createkeyset.go
  - internal/sdk/models/operations/deletekeyset.go
  - internal/sdk/models/operations/getkeyset.go
  - internal/sdk/models/operations/updatekeyset.go
  - internal/sdk/models/operations/upsertkeyset.go
  - internal/sdk/models/operations/listkey.go
  - internal/sdk/models/operations/createkey.go
  - internal/sdk/models/operations/deletekey.go
  - internal/sdk/models/operations/getkey.go
  - internal/sdk/models/operations/updatekey.go
  - internal/sdk/models/operations/upsertkey.go
  - internal/sdk/models/operations/listplugin.go
  - internal/sdk/models/operations/createplugin.go
  - internal/sdk/models/operations/createaclplugin.go
  - internal/sdk/models/operations/createaipromptdecoratorplugin.go
  - internal/sdk/models/operations/createaipromptguardplugin.go
  - internal/sdk/models/operations/createaiprompttemplateplugin.go
  - internal/sdk/models/operations/createaiproxyplugin.go
  - internal/sdk/models/operations/createawslambdaplugin.go
  - internal/sdk/models/operations/createbasicauthplugin.go
  - internal/sdk/models/operations/createcorsplugin.go
  - internal/sdk/models/operations/createcorrelationidplugin.go
  - internal/sdk/models/operations/createfilelogplugin.go
  - internal/sdk/models/operations/createiprestrictionplugin.go
  - internal/sdk/models/operations/createjqplugin.go
  - internal/sdk/models/operations/createjwtplugin.go
  - internal/sdk/models/operations/createjwtsignerplugin.go
  - internal/sdk/models/operations/createkeyauthplugin.go
  - internal/sdk/models/operations/createoauth2plugin.go
  - internal/sdk/models/operations/createopenidconnectplugin.go
  - internal/sdk/models/operations/createopentelemetryplugin.go
  - internal/sdk/models/operations/createprefunctionplugin.go
  - internal/sdk/models/operations/createprometheusplugin.go
  - internal/sdk/models/operations/createproxycacheplugin.go
  - internal/sdk/models/operations/createratelimitingplugin.go
  - internal/sdk/models/operations/createratelimitingadvancedplugin.go
  - internal/sdk/models/operations/createrequestterminationplugin.go
  - internal/sdk/models/operations/createrequesttransformerplugin.go
  - internal/sdk/models/operations/createrequesttransformeradvancedplugin.go
  - internal/sdk/models/operations/createresponsetransformerplugin.go
  - internal/sdk/models/operations/createresponsetransformeradvancedplugin.go
  - internal/sdk/models/operations/createsamlplugin.go
  - internal/sdk/models/operations/deleteplugin.go
  - internal/sdk/models/operations/getplugin.go
  - internal/sdk/models/operations/updateplugin.go
  - internal/sdk/models/operations/upsertplugin.go
  - internal/sdk/models/operations/deleteaclplugin.go
  - internal/sdk/models/operations/getaclplugin.go
  - internal/sdk/models/operations/updateaclplugin.go
  - internal/sdk/models/operations/deleteaipromptdecoratorplugin.go
  - internal/sdk/models/operations/getaipromptdecoratorplugin.go
  - internal/sdk/models/operations/updateaipromptdecoratorplugin.go
  - internal/sdk/models/operations/deleteaipromptguardplugin.go
  - internal/sdk/models/operations/getaipromptguardplugin.go
  - internal/sdk/models/operations/updateaipromptguardplugin.go
  - internal/sdk/models/operations/deleteaiprompttemplateplugin.go
  - internal/sdk/models/operations/getaiprompttemplateplugin.go
  - internal/sdk/models/operations/updateaiprompttemplateplugin.go
  - internal/sdk/models/operations/deleteaiproxyplugin.go
  - internal/sdk/models/operations/getaiproxyplugin.go
  - internal/sdk/models/operations/updateaiproxyplugin.go
  - internal/sdk/models/operations/deleteawslambdaplugin.go
  - internal/sdk/models/operations/getawslambdaplugin.go
  - internal/sdk/models/operations/updateawslambdaplugin.go
  - internal/sdk/models/operations/deletebasicauthplugin.go
  - internal/sdk/models/operations/getbasicauthplugin.go
  - internal/sdk/models/operations/updatebasicauthplugin.go
  - internal/sdk/models/operations/deletecorsplugin.go
  - internal/sdk/models/operations/getcorsplugin.go
  - internal/sdk/models/operations/updatecorsplugin.go
  - internal/sdk/models/operations/deletecorrelationidplugin.go
  - internal/sdk/models/operations/getcorrelationidplugin.go
  - internal/sdk/models/operations/updatecorrelationidplugin.go
  - internal/sdk/models/operations/deletefilelogplugin.go
  - internal/sdk/models/operations/getfilelogplugin.go
  - internal/sdk/models/operations/updatefilelogplugin.go
  - internal/sdk/models/operations/deleteiprestrictionplugin.go
  - internal/sdk/models/operations/getiprestrictionplugin.go
  - internal/sdk/models/operations/updateiprestrictionplugin.go
  - internal/sdk/models/operations/deletejqplugin.go
  - internal/sdk/models/operations/getjqplugin.go
  - internal/sdk/models/operations/updatejqplugin.go
  - internal/sdk/models/operations/deletejwtplugin.go
  - internal/sdk/models/operations/getjwtplugin.go
  - internal/sdk/models/operations/updatejwtplugin.go
  - internal/sdk/models/operations/deletejwtsignerplugin.go
  - internal/sdk/models/operations/getjwtsignerplugin.go
  - internal/sdk/models/operations/updatejwtsignerplugin.go
  - internal/sdk/models/operations/deletekeyauthplugin.go
  - internal/sdk/models/operations/getkeyauthplugin.go
  - internal/sdk/models/operations/updatekeyauthplugin.go
  - internal/sdk/models/operations/deleteoauth2plugin.go
  - internal/sdk/models/operations/getoauth2plugin.go
  - internal/sdk/models/operations/updateoauth2plugin.go
  - internal/sdk/models/operations/deleteopenidconnectplugin.go
  - internal/sdk/models/operations/getopenidconnectplugin.go
  - internal/sdk/models/operations/updateopenidconnectplugin.go
  - internal/sdk/models/operations/deleteopentelemetryplugin.go
  - internal/sdk/models/operations/getopentelemetryplugin.go
  - internal/sdk/models/operations/updateopentelemetryplugin.go
  - internal/sdk/models/operations/deleteprefunctionplugin.go
  - internal/sdk/models/operations/getprefunctionplugin.go
  - internal/sdk/models/operations/updateprefunctionplugin.go
  - internal/sdk/models/operations/deleteprometheusplugin.go
  - internal/sdk/models/operations/getprometheusplugin.go
  - internal/sdk/models/operations/updateprometheusplugin.go
  - internal/sdk/models/operations/deleteproxycacheplugin.go
  - internal/sdk/models/operations/getproxycacheplugin.go
  - internal/sdk/models/operations/updateproxycacheplugin.go
  - internal/sdk/models/operations/deleteratelimitingplugin.go
  - internal/sdk/models/operations/getratelimitingplugin.go
  - internal/sdk/models/operations/updateratelimitingplugin.go
  - internal/sdk/models/operations/deleteratelimitingadvancedplugin.go
  - internal/sdk/models/operations/getratelimitingadvancedplugin.go
  - internal/sdk/models/operations/updateratelimitingadvancedplugin.go
  - internal/sdk/models/operations/deleterequestterminationplugin.go
  - internal/sdk/models/operations/getrequestterminationplugin.go
  - internal/sdk/models/operations/updaterequestterminationplugin.go
  - internal/sdk/models/operations/deleterequesttransformerplugin.go
  - internal/sdk/models/operations/getrequesttransformerplugin.go
  - internal/sdk/models/operations/updaterequesttransformerplugin.go
  - internal/sdk/models/operations/deleterequesttransformeradvancedplugin.go
  - internal/sdk/models/operations/getrequesttransformeradvancedplugin.go
  - internal/sdk/models/operations/updaterequesttransformeradvancedplugin.go
  - internal/sdk/models/operations/deleteresponsetransformerplugin.go
  - internal/sdk/models/operations/getresponsetransformerplugin.go
  - internal/sdk/models/operations/updateresponsetransformerplugin.go
  - internal/sdk/models/operations/deleteresponsetransformeradvancedplugin.go
  - internal/sdk/models/operations/getresponsetransformeradvancedplugin.go
  - internal/sdk/models/operations/updateresponsetransformeradvancedplugin.go
  - internal/sdk/models/operations/deletesamlplugin.go
  - internal/sdk/models/operations/getsamlplugin.go
  - internal/sdk/models/operations/updatesamlplugin.go
  - internal/sdk/models/operations/fetchpluginschema.go
  - internal/sdk/models/operations/listroute.go
  - internal/sdk/models/operations/createroute.go
  - internal/sdk/models/operations/deleteroute.go
  - internal/sdk/models/operations/getroute.go
  - internal/sdk/models/operations/updateroute.go
  - internal/sdk/models/operations/upsertroute.go
  - internal/sdk/models/operations/listservice.go
  - internal/sdk/models/operations/createservice.go
  - internal/sdk/models/operations/deleteservice.go
  - internal/sdk/models/operations/getservice.go
  - internal/sdk/models/operations/updateservice.go
  - internal/sdk/models/operations/upsertservice.go
  - internal/sdk/models/operations/listsni.go
  - internal/sdk/models/operations/createsni.go
  - internal/sdk/models/operations/deletesni.go
  - internal/sdk/models/operations/getsni.go
  - internal/sdk/models/operations/updatesni.go
  - internal/sdk/models/operations/upsertsni.go
  - internal/sdk/models/operations/listupstream.go
  - internal/sdk/models/operations/createupstream.go
  - internal/sdk/models/operations/deleteupstream.go
  - internal/sdk/models/operations/getupstream.go
  - internal/sdk/models/operations/updateupstream.go
  - internal/sdk/models/operations/upsertupstream.go
  - internal/sdk/models/operations/listtargetwithupstream.go
  - internal/sdk/models/operations/createtargetwithupstream.go
  - internal/sdk/models/operations/deletetargetwithupstream.go
  - internal/sdk/models/operations/gettargetwithupstream.go
  - internal/sdk/models/operations/updatetargetwithupstream.go
  - internal/sdk/models/operations/upserttargetwithupstream.go
  - internal/sdk/models/operations/listvault.go
  - internal/sdk/models/operations/createvault.go
  - internal/sdk/models/operations/deletevault.go
  - internal/sdk/models/operations/getvault.go
  - internal/sdk/models/operations/updatevault.go
  - internal/sdk/models/operations/upsertvault.go
  - internal/sdk/models/shared/gatewayunauthorizederror.go
  - internal/sdk/models/shared/acl.go
  - internal/sdk/models/shared/basicauth.go
  - internal/sdk/models/shared/cacertificate.go
  - internal/sdk/models/shared/cacertificateinput.go
  - internal/sdk/models/shared/certificate.go
  - internal/sdk/models/shared/certificateinput.go
  - internal/sdk/models/shared/consumergroup.go
  - internal/sdk/models/shared/consumergroupinput.go
  - internal/sdk/models/shared/consumer.go
  - internal/sdk/models/shared/consumerinput.go
  - internal/sdk/models/shared/hmacauth.go
  - internal/sdk/models/shared/jwt.go
  - internal/sdk/models/shared/keyauth.go
  - internal/sdk/models/shared/keyset.go
  - internal/sdk/models/shared/keysetinput.go
  - internal/sdk/models/shared/key.go
  - internal/sdk/models/shared/plugin.go
  - internal/sdk/models/shared/aclplugin.go
  - internal/sdk/models/shared/createaclplugin.go
  - internal/sdk/models/shared/aipromptdecoratorplugin.go
  - internal/sdk/models/shared/createaipromptdecoratorplugin.go
  - internal/sdk/models/shared/aipromptguardplugin.go
  - internal/sdk/models/shared/createaipromptguardplugin.go
  - internal/sdk/models/shared/aiprompttemplateplugin.go
  - internal/sdk/models/shared/createaiprompttemplateplugin.go
  - internal/sdk/models/shared/aiproxyplugin.go
  - internal/sdk/models/shared/createaiproxyplugin.go
  - internal/sdk/models/shared/awslambdaplugin.go
  - internal/sdk/models/shared/createawslambdaplugin.go
  - internal/sdk/models/shared/basicauthplugin.go
  - internal/sdk/models/shared/createbasicauthplugin.go
  - internal/sdk/models/shared/corsplugin.go
  - internal/sdk/models/shared/createcorsplugin.go
  - internal/sdk/models/shared/correlationidplugin.go
  - internal/sdk/models/shared/createcorrelationidplugin.go
  - internal/sdk/models/shared/filelogplugin.go
  - internal/sdk/models/shared/createfilelogplugin.go
  - internal/sdk/models/shared/iprestrictionplugin.go
  - internal/sdk/models/shared/createiprestrictionplugin.go
  - internal/sdk/models/shared/jqplugin.go
  - internal/sdk/models/shared/createjqplugin.go
  - internal/sdk/models/shared/jwtplugin.go
  - internal/sdk/models/shared/createjwtplugin.go
  - internal/sdk/models/shared/jwtsignerplugin.go
  - internal/sdk/models/shared/createjwtsignerplugin.go
  - internal/sdk/models/shared/keyauthplugin.go
  - internal/sdk/models/shared/createkeyauthplugin.go
  - internal/sdk/models/shared/oauth2plugin.go
  - internal/sdk/models/shared/createoauth2plugin.go
  - internal/sdk/models/shared/openidconnectplugin.go
  - internal/sdk/models/shared/createopenidconnectplugin.go
  - internal/sdk/models/shared/opentelemetryplugin.go
  - internal/sdk/models/shared/createopentelemetryplugin.go
  - internal/sdk/models/shared/prefunctionplugin.go
  - internal/sdk/models/shared/createprefunctionplugin.go
  - internal/sdk/models/shared/prometheusplugin.go
  - internal/sdk/models/shared/createprometheusplugin.go
  - internal/sdk/models/shared/proxycacheplugin.go
  - internal/sdk/models/shared/createproxycacheplugin.go
  - internal/sdk/models/shared/ratelimitingplugin.go
  - internal/sdk/models/shared/createratelimitingplugin.go
  - internal/sdk/models/shared/ratelimitingadvancedplugin.go
  - internal/sdk/models/shared/createratelimitingadvancedplugin.go
  - internal/sdk/models/shared/requestterminationplugin.go
  - internal/sdk/models/shared/createrequestterminationplugin.go
  - internal/sdk/models/shared/requesttransformerplugin.go
  - internal/sdk/models/shared/createrequesttransformerplugin.go
  - internal/sdk/models/shared/requesttransformeradvancedplugin.go
  - internal/sdk/models/shared/createrequesttransformeradvancedplugin.go
  - internal/sdk/models/shared/responsetransformerplugin.go
  - internal/sdk/models/shared/createresponsetransformerplugin.go
  - internal/sdk/models/shared/responsetransformeradvancedplugin.go
  - internal/sdk/models/shared/createresponsetransformeradvancedplugin.go
  - internal/sdk/models/shared/samlplugin.go
  - internal/sdk/models/shared/createsamlplugin.go
  - internal/sdk/models/shared/route.go
  - internal/sdk/models/shared/service.go
  - internal/sdk/models/shared/sni.go
  - internal/sdk/models/shared/upstream.go
  - internal/sdk/models/shared/target.go
  - internal/sdk/models/shared/targetwithoutparents.go
  - internal/sdk/models/shared/vault.go
  - internal/sdk/models/shared/vaultinput.go
  - internal/sdk/.gitignore
  - internal/sdk/.gitattributes
  - internal/sdk/internal/hooks/registration.go
  - internal/sdk/internal/hooks/hooks.go
  - examples/README.md
  - go.mod
  - go.sum
  - internal/planmodifiers/boolplanmodifier/suppress_diff.go
  - internal/planmodifiers/float64planmodifier/suppress_diff.go
  - internal/planmodifiers/int64planmodifier/suppress_diff.go
  - internal/planmodifiers/listplanmodifier/suppress_diff.go
  - internal/planmodifiers/mapplanmodifier/suppress_diff.go
  - internal/planmodifiers/numberplanmodifier/suppress_diff.go
  - internal/planmodifiers/objectplanmodifier/suppress_diff.go
  - internal/planmodifiers/setplanmodifier/suppress_diff.go
  - internal/planmodifiers/stringplanmodifier/suppress_diff.go
  - internal/planmodifiers/utils/state_check.go
  - internal/provider/reflect/diags.go
  - internal/provider/reflect/doc.go
  - internal/provider/reflect/generic_attr_value.go
  - internal/provider/reflect/helpers.go
  - internal/provider/reflect/interfaces.go
  - internal/provider/reflect/into.go
  - internal/provider/reflect/map.go
  - internal/provider/reflect/number.go
  - internal/provider/reflect/options.go
  - internal/provider/reflect/outof.go
  - internal/provider/reflect/pointer.go
  - internal/provider/reflect/primitive.go
  - internal/provider/reflect/slice.go
  - internal/provider/reflect/struct.go
  - internal/provider/utils.go
  - internal/validators/DateValidator.go
  - internal/validators/ExactlyOneChild.go
  - internal/validators/JSONParseValidator.go
  - internal/validators/RFC3339Validator.go
  - internal/validators/boolvalidators/not_null.go
  - internal/validators/float64validators/not_null.go
  - internal/validators/int64validators/not_null.go
  - internal/validators/listvalidators/not_null.go
  - internal/validators/mapvalidators/not_null.go
  - internal/validators/numbervalidators/not_null.go
  - internal/validators/objectvalidators/not_null.go
  - internal/validators/setvalidators/not_null.go
  - internal/validators/stringvalidators/not_null.go
  - main.go
  - terraform-registry-manifest.json
  - tools/tools.go
  - internal/provider/types/acl_consumer.go
  - internal/provider/types/pem.go
  - internal/provider/types/config.go
  - internal/provider/types/ai_prompt_decorator_plugin_append.go
  - internal/provider/types/prompts.go
  - internal/provider/types/create_ai_prompt_decorator_plugin_config.go
  - internal/provider/types/create_ai_prompt_guard_plugin_config.go
  - internal/provider/types/templates.go
  - internal/provider/types/create_ai_prompt_template_plugin_config.go
  - internal/provider/types/auth.go
  - internal/provider/types/logging.go
  - internal/provider/types/options.go
  - internal/provider/types/model.go
  - internal/provider/types/create_ai_proxy_plugin_config.go
  - internal/provider/types/create_aws_lambda_plugin_config.go
  - internal/provider/types/create_basic_auth_plugin_config.go
  - internal/provider/types/create_correlation_id_plugin_config.go
  - internal/provider/types/create_cors_plugin_config.go
  - internal/provider/types/create_file_log_plugin_config.go
  - internal/provider/types/create_ip_restriction_plugin_config.go
  - internal/provider/types/request_jq_program_options.go
  - internal/provider/types/create_jq_plugin_config.go
  - internal/provider/types/create_jwt_plugin_config.go
  - internal/provider/types/create_jwt_signer_plugin_config.go
  - internal/provider/types/create_key_auth_plugin_config.go
  - internal/provider/types/create_oauth2_plugin_config.go
  - internal/provider/types/client_jwk.go
  - internal/provider/types/session_redis_cluster_nodes.go
  - internal/provider/types/create_openid_connect_plugin_config.go
  - internal/provider/types/propagation.go
  - internal/provider/types/queue.go
  - internal/provider/types/create_opentelemetry_plugin_config.go
  - internal/provider/types/create_pre_function_plugin_config.go
  - internal/provider/types/create_prometheus_plugin_config.go
  - internal/provider/types/memory.go
  - internal/provider/types/response_headers.go
  - internal/provider/types/create_proxy_cache_plugin_config.go
  - internal/provider/types/redis.go
  - internal/provider/types/create_rate_limiting_plugin_config.go
  - internal/provider/types/create_rate_limiting_advanced_plugin_redis.go
  - internal/provider/types/create_rate_limiting_advanced_plugin_config.go
  - internal/provider/types/create_request_termination_plugin_config.go
  - internal/provider/types/add.go
  - internal/provider/types/replace.go
  - internal/provider/types/create_request_transformer_plugin_config.go
  - internal/provider/types/create_request_transformer_advanced_plugin_add.go
  - internal/provider/types/allow.go
  - internal/provider/types/create_request_transformer_advanced_plugin_replace.go
  - internal/provider/types/create_request_transformer_advanced_plugin_config.go
  - internal/provider/types/create_response_transformer_plugin_add.go
  - internal/provider/types/create_response_transformer_plugin_remove.go
  - internal/provider/types/create_response_transformer_plugin_rename.go
  - internal/provider/types/create_response_transformer_plugin_config.go
  - internal/provider/types/create_response_transformer_advanced_plugin_add.go
  - internal/provider/types/create_response_transformer_advanced_plugin_allow.go
  - internal/provider/types/create_response_transformer_advanced_plugin_remove.go
  - internal/provider/types/create_response_transformer_advanced_plugin_rename.go
  - internal/provider/types/create_response_transformer_advanced_plugin_replace.go
  - internal/provider/types/transform.go
  - internal/provider/types/create_response_transformer_advanced_plugin_config.go
  - internal/provider/types/create_saml_plugin_config.go
  - internal/provider/types/healthy.go
  - internal/provider/types/unhealthy.go
  - internal/provider/types/active.go
  - internal/provider/types/upstream_healthy.go
  - internal/provider/types/upstream_unhealthy.go
  - internal/provider/types/passive.go
  - internal/provider/types/healthchecks.go
  - USAGE.md
  - internal/provider/provider.go
  - examples/provider/provider.tf
  - examples/resources/kong-gateway_acl/import.sh
  - internal/provider/acl_resource.go
  - internal/provider/acl_resource_sdk.go
  - examples/resources/kong-gateway_acl/resource.tf
  - examples/resources/kong-gateway_basic_auth/import.sh
  - internal/provider/basicauth_resource.go
  - internal/provider/basicauth_resource_sdk.go
  - examples/resources/kong-gateway_basic_auth/resource.tf
  - examples/resources/kong-gateway_ca_certificate/import.sh
  - internal/provider/cacertificate_resource.go
  - internal/provider/cacertificate_resource_sdk.go
  - examples/resources/kong-gateway_ca_certificate/resource.tf
  - examples/resources/kong-gateway_certificate/import.sh
  - internal/provider/certificate_resource.go
  - internal/provider/certificate_resource_sdk.go
  - examples/resources/kong-gateway_certificate/resource.tf
  - examples/resources/kong-gateway_consumer/import.sh
  - internal/provider/consumer_resource.go
  - internal/provider/consumer_resource_sdk.go
  - examples/resources/kong-gateway_consumer/resource.tf
  - examples/resources/kong-gateway_consumer_group/import.sh
  - internal/provider/consumergroup_resource.go
  - internal/provider/consumergroup_resource_sdk.go
  - examples/resources/kong-gateway_consumer_group/resource.tf
  - examples/resources/kong-gateway_hmac_auth/import.sh
  - internal/provider/hmacauth_resource.go
  - internal/provider/hmacauth_resource_sdk.go
  - examples/resources/kong-gateway_hmac_auth/resource.tf
  - examples/resources/kong-gateway_jwt/import.sh
  - internal/provider/jwt_resource.go
  - internal/provider/jwt_resource_sdk.go
  - examples/resources/kong-gateway_jwt/resource.tf
  - examples/resources/kong-gateway_key/import.sh
  - internal/provider/key_resource.go
  - internal/provider/key_resource_sdk.go
  - examples/resources/kong-gateway_key/resource.tf
  - examples/resources/kong-gateway_key_auth/import.sh
  - internal/provider/keyauth_resource.go
  - internal/provider/keyauth_resource_sdk.go
  - examples/resources/kong-gateway_key_auth/resource.tf
  - examples/resources/kong-gateway_key_set/import.sh
  - internal/provider/keyset_resource.go
  - internal/provider/keyset_resource_sdk.go
  - examples/resources/kong-gateway_key_set/resource.tf
  - examples/resources/kong-gateway_plugin_acl/import.sh
  - internal/provider/pluginacl_resource.go
  - internal/provider/pluginacl_resource_sdk.go
  - examples/resources/kong-gateway_plugin_acl/resource.tf
  - examples/resources/kong-gateway_plugin_ai_prompt_decorator/import.sh
  - internal/provider/pluginaipromptdecorator_resource.go
  - internal/provider/pluginaipromptdecorator_resource_sdk.go
  - examples/resources/kong-gateway_plugin_ai_prompt_decorator/resource.tf
  - examples/resources/kong-gateway_plugin_ai_prompt_guard/import.sh
  - internal/provider/pluginaipromptguard_resource.go
  - internal/provider/pluginaipromptguard_resource_sdk.go
  - examples/resources/kong-gateway_plugin_ai_prompt_guard/resource.tf
  - examples/resources/kong-gateway_plugin_ai_prompt_template/import.sh
  - internal/provider/pluginaiprompttemplate_resource.go
  - internal/provider/pluginaiprompttemplate_resource_sdk.go
  - examples/resources/kong-gateway_plugin_ai_prompt_template/resource.tf
  - examples/resources/kong-gateway_plugin_ai_proxy/import.sh
  - internal/provider/pluginaiproxy_resource.go
  - internal/provider/pluginaiproxy_resource_sdk.go
  - examples/resources/kong-gateway_plugin_ai_proxy/resource.tf
  - examples/resources/kong-gateway_plugin_aws_lambda/import.sh
  - internal/provider/pluginawslambda_resource.go
  - internal/provider/pluginawslambda_resource_sdk.go
  - examples/resources/kong-gateway_plugin_aws_lambda/resource.tf
  - examples/resources/kong-gateway_plugin_basic_auth/import.sh
  - internal/provider/pluginbasicauth_resource.go
  - internal/provider/pluginbasicauth_resource_sdk.go
  - examples/resources/kong-gateway_plugin_basic_auth/resource.tf
  - examples/resources/kong-gateway_plugin_correlation_id/import.sh
  - internal/provider/plugincorrelationid_resource.go
  - internal/provider/plugincorrelationid_resource_sdk.go
  - examples/resources/kong-gateway_plugin_correlation_id/resource.tf
  - examples/resources/kong-gateway_plugin_cors/import.sh
  - internal/provider/plugincors_resource.go
  - internal/provider/plugincors_resource_sdk.go
  - examples/resources/kong-gateway_plugin_cors/resource.tf
  - examples/resources/kong-gateway_plugin_file_log/import.sh
  - internal/provider/pluginfilelog_resource.go
  - internal/provider/pluginfilelog_resource_sdk.go
  - examples/resources/kong-gateway_plugin_file_log/resource.tf
  - examples/resources/kong-gateway_plugin_ip_restriction/import.sh
  - internal/provider/pluginiprestriction_resource.go
  - internal/provider/pluginiprestriction_resource_sdk.go
  - examples/resources/kong-gateway_plugin_ip_restriction/resource.tf
  - examples/resources/kong-gateway_plugin_jq/import.sh
  - internal/provider/pluginjq_resource.go
  - internal/provider/pluginjq_resource_sdk.go
  - examples/resources/kong-gateway_plugin_jq/resource.tf
  - examples/resources/kong-gateway_plugin_jwt/import.sh
  - internal/provider/pluginjwt_resource.go
  - internal/provider/pluginjwt_resource_sdk.go
  - examples/resources/kong-gateway_plugin_jwt/resource.tf
  - examples/resources/kong-gateway_plugin_jwt_signer/import.sh
  - internal/provider/pluginjwtsigner_resource.go
  - internal/provider/pluginjwtsigner_resource_sdk.go
  - examples/resources/kong-gateway_plugin_jwt_signer/resource.tf
  - examples/resources/kong-gateway_plugin_key_auth/import.sh
  - internal/provider/pluginkeyauth_resource.go
  - internal/provider/pluginkeyauth_resource_sdk.go
  - examples/resources/kong-gateway_plugin_key_auth/resource.tf
  - examples/resources/kong-gateway_plugin_oauth2/import.sh
  - internal/provider/pluginoauth2_resource.go
  - internal/provider/pluginoauth2_resource_sdk.go
  - examples/resources/kong-gateway_plugin_oauth2/resource.tf
  - examples/resources/kong-gateway_plugin_openid_connect/import.sh
  - internal/provider/pluginopenidconnect_resource.go
  - internal/provider/pluginopenidconnect_resource_sdk.go
  - examples/resources/kong-gateway_plugin_openid_connect/resource.tf
  - examples/resources/kong-gateway_plugin_opentelemetry/import.sh
  - internal/provider/pluginopentelemetry_resource.go
  - internal/provider/pluginopentelemetry_resource_sdk.go
  - examples/resources/kong-gateway_plugin_opentelemetry/resource.tf
  - examples/resources/kong-gateway_plugin_pre_function/import.sh
  - internal/provider/pluginprefunction_resource.go
  - internal/provider/pluginprefunction_resource_sdk.go
  - examples/resources/kong-gateway_plugin_pre_function/resource.tf
  - examples/resources/kong-gateway_plugin_prometheus/import.sh
  - internal/provider/pluginprometheus_resource.go
  - internal/provider/pluginprometheus_resource_sdk.go
  - examples/resources/kong-gateway_plugin_prometheus/resource.tf
  - examples/resources/kong-gateway_plugin_proxy_cache/import.sh
  - internal/provider/pluginproxycache_resource.go
  - internal/provider/pluginproxycache_resource_sdk.go
  - examples/resources/kong-gateway_plugin_proxy_cache/resource.tf
  - examples/resources/kong-gateway_plugin_rate_limiting/import.sh
  - internal/provider/pluginratelimiting_resource.go
  - internal/provider/pluginratelimiting_resource_sdk.go
  - examples/resources/kong-gateway_plugin_rate_limiting/resource.tf
  - examples/resources/kong-gateway_plugin_rate_limiting_advanced/import.sh
  - internal/provider/pluginratelimitingadvanced_resource.go
  - internal/provider/pluginratelimitingadvanced_resource_sdk.go
  - examples/resources/kong-gateway_plugin_rate_limiting_advanced/resource.tf
  - examples/resources/kong-gateway_plugin_request_termination/import.sh
  - internal/provider/pluginrequesttermination_resource.go
  - internal/provider/pluginrequesttermination_resource_sdk.go
  - examples/resources/kong-gateway_plugin_request_termination/resource.tf
  - examples/resources/kong-gateway_plugin_request_transformer/import.sh
  - internal/provider/pluginrequesttransformer_resource.go
  - internal/provider/pluginrequesttransformer_resource_sdk.go
  - examples/resources/kong-gateway_plugin_request_transformer/resource.tf
  - examples/resources/kong-gateway_plugin_request_transformer_advanced/import.sh
  - internal/provider/pluginrequesttransformeradvanced_resource.go
  - internal/provider/pluginrequesttransformeradvanced_resource_sdk.go
  - examples/resources/kong-gateway_plugin_request_transformer_advanced/resource.tf
  - examples/resources/kong-gateway_plugin_response_transformer/import.sh
  - internal/provider/pluginresponsetransformer_resource.go
  - internal/provider/pluginresponsetransformer_resource_sdk.go
  - examples/resources/kong-gateway_plugin_response_transformer/resource.tf
  - examples/resources/kong-gateway_plugin_response_transformer_advanced/import.sh
  - internal/provider/pluginresponsetransformeradvanced_resource.go
  - internal/provider/pluginresponsetransformeradvanced_resource_sdk.go
  - examples/resources/kong-gateway_plugin_response_transformer_advanced/resource.tf
  - examples/resources/kong-gateway_plugin_saml/import.sh
  - internal/provider/pluginsaml_resource.go
  - internal/provider/pluginsaml_resource_sdk.go
  - examples/resources/kong-gateway_plugin_saml/resource.tf
  - examples/resources/kong-gateway_route/import.sh
  - internal/provider/route_resource.go
  - internal/provider/route_resource_sdk.go
  - examples/resources/kong-gateway_route/resource.tf
  - examples/resources/kong-gateway_service/import.sh
  - internal/provider/service_resource.go
  - internal/provider/service_resource_sdk.go
  - examples/resources/kong-gateway_service/resource.tf
  - examples/resources/kong-gateway_sni/import.sh
  - internal/provider/sni_resource.go
  - internal/provider/sni_resource_sdk.go
  - examples/resources/kong-gateway_sni/resource.tf
  - examples/resources/kong-gateway_target/import.sh
  - internal/provider/target_resource.go
  - internal/provider/target_resource_sdk.go
  - examples/resources/kong-gateway_target/resource.tf
  - examples/resources/kong-gateway_upstream/import.sh
  - internal/provider/upstream_resource.go
  - internal/provider/upstream_resource_sdk.go
  - examples/resources/kong-gateway_upstream/resource.tf
  - examples/resources/kong-gateway_vault/import.sh
  - internal/provider/vault_resource.go
  - internal/provider/vault_resource_sdk.go
  - examples/resources/kong-gateway_vault/resource.tf
  - internal/provider/acl_data_source.go
  - internal/provider/acl_data_source_sdk.go
  - examples/data-sources/kong-gateway_acl/data-source.tf
  - internal/provider/basicauth_data_source.go
  - internal/provider/basicauth_data_source_sdk.go
  - examples/data-sources/kong-gateway_basic_auth/data-source.tf
  - internal/provider/cacertificate_data_source.go
  - internal/provider/cacertificate_data_source_sdk.go
  - examples/data-sources/kong-gateway_ca_certificate/data-source.tf
  - internal/provider/certificate_data_source.go
  - internal/provider/certificate_data_source_sdk.go
  - examples/data-sources/kong-gateway_certificate/data-source.tf
  - internal/provider/consumer_data_source.go
  - internal/provider/consumer_data_source_sdk.go
  - examples/data-sources/kong-gateway_consumer/data-source.tf
  - internal/provider/consumergroup_data_source.go
  - internal/provider/consumergroup_data_source_sdk.go
  - examples/data-sources/kong-gateway_consumer_group/data-source.tf
  - internal/provider/hmacauth_data_source.go
  - internal/provider/hmacauth_data_source_sdk.go
  - examples/data-sources/kong-gateway_hmac_auth/data-source.tf
  - internal/provider/jwt_data_source.go
  - internal/provider/jwt_data_source_sdk.go
  - examples/data-sources/kong-gateway_jwt/data-source.tf
  - internal/provider/key_data_source.go
  - internal/provider/key_data_source_sdk.go
  - examples/data-sources/kong-gateway_key/data-source.tf
  - internal/provider/keyauth_data_source.go
  - internal/provider/keyauth_data_source_sdk.go
  - examples/data-sources/kong-gateway_key_auth/data-source.tf
  - internal/provider/keyset_data_source.go
  - internal/provider/keyset_data_source_sdk.go
  - examples/data-sources/kong-gateway_key_set/data-source.tf
  - internal/provider/pluginacl_data_source.go
  - internal/provider/pluginacl_data_source_sdk.go
  - examples/data-sources/kong-gateway_plugin_acl/data-source.tf
  - internal/provider/pluginaipromptdecorator_data_source.go
  - internal/provider/pluginaipromptdecorator_data_source_sdk.go
  - examples/data-sources/kong-gateway_plugin_ai_prompt_decorator/data-source.tf
  - internal/provider/pluginaipromptguard_data_source.go
  - internal/provider/pluginaipromptguard_data_source_sdk.go
  - examples/data-sources/kong-gateway_plugin_ai_prompt_guard/data-source.tf
  - internal/provider/pluginaiprompttemplate_data_source.go
  - internal/provider/pluginaiprompttemplate_data_source_sdk.go
  - examples/data-sources/kong-gateway_plugin_ai_prompt_template/data-source.tf
  - internal/provider/pluginaiproxy_data_source.go
  - internal/provider/pluginaiproxy_data_source_sdk.go
  - examples/data-sources/kong-gateway_plugin_ai_proxy/data-source.tf
  - internal/provider/pluginawslambda_data_source.go
  - internal/provider/pluginawslambda_data_source_sdk.go
  - examples/data-sources/kong-gateway_plugin_aws_lambda/data-source.tf
  - internal/provider/pluginbasicauth_data_source.go
  - internal/provider/pluginbasicauth_data_source_sdk.go
  - examples/data-sources/kong-gateway_plugin_basic_auth/data-source.tf
  - internal/provider/plugincorrelationid_data_source.go
  - internal/provider/plugincorrelationid_data_source_sdk.go
  - examples/data-sources/kong-gateway_plugin_correlation_id/data-source.tf
  - internal/provider/plugincors_data_source.go
  - internal/provider/plugincors_data_source_sdk.go
  - examples/data-sources/kong-gateway_plugin_cors/data-source.tf
  - internal/provider/pluginfilelog_data_source.go
  - internal/provider/pluginfilelog_data_source_sdk.go
  - examples/data-sources/kong-gateway_plugin_file_log/data-source.tf
  - internal/provider/pluginiprestriction_data_source.go
  - internal/provider/pluginiprestriction_data_source_sdk.go
  - examples/data-sources/kong-gateway_plugin_ip_restriction/data-source.tf
  - internal/provider/pluginjq_data_source.go
  - internal/provider/pluginjq_data_source_sdk.go
  - examples/data-sources/kong-gateway_plugin_jq/data-source.tf
  - internal/provider/pluginjwt_data_source.go
  - internal/provider/pluginjwt_data_source_sdk.go
  - examples/data-sources/kong-gateway_plugin_jwt/data-source.tf
  - internal/provider/pluginjwtsigner_data_source.go
  - internal/provider/pluginjwtsigner_data_source_sdk.go
  - examples/data-sources/kong-gateway_plugin_jwt_signer/data-source.tf
  - internal/provider/pluginkeyauth_data_source.go
  - internal/provider/pluginkeyauth_data_source_sdk.go
  - examples/data-sources/kong-gateway_plugin_key_auth/data-source.tf
  - internal/provider/pluginoauth2_data_source.go
  - internal/provider/pluginoauth2_data_source_sdk.go
  - examples/data-sources/kong-gateway_plugin_oauth2/data-source.tf
  - internal/provider/pluginopenidconnect_data_source.go
  - internal/provider/pluginopenidconnect_data_source_sdk.go
  - examples/data-sources/kong-gateway_plugin_openid_connect/data-source.tf
  - internal/provider/pluginopentelemetry_data_source.go
  - internal/provider/pluginopentelemetry_data_source_sdk.go
  - examples/data-sources/kong-gateway_plugin_opentelemetry/data-source.tf
  - internal/provider/pluginprefunction_data_source.go
  - internal/provider/pluginprefunction_data_source_sdk.go
  - examples/data-sources/kong-gateway_plugin_pre_function/data-source.tf
  - internal/provider/pluginprometheus_data_source.go
  - internal/provider/pluginprometheus_data_source_sdk.go
  - examples/data-sources/kong-gateway_plugin_prometheus/data-source.tf
  - internal/provider/pluginproxycache_data_source.go
  - internal/provider/pluginproxycache_data_source_sdk.go
  - examples/data-sources/kong-gateway_plugin_proxy_cache/data-source.tf
  - internal/provider/pluginratelimiting_data_source.go
  - internal/provider/pluginratelimiting_data_source_sdk.go
  - examples/data-sources/kong-gateway_plugin_rate_limiting/data-source.tf
  - internal/provider/pluginratelimitingadvanced_data_source.go
  - internal/provider/pluginratelimitingadvanced_data_source_sdk.go
  - examples/data-sources/kong-gateway_plugin_rate_limiting_advanced/data-source.tf
  - internal/provider/pluginrequesttermination_data_source.go
  - internal/provider/pluginrequesttermination_data_source_sdk.go
  - examples/data-sources/kong-gateway_plugin_request_termination/data-source.tf
  - internal/provider/pluginrequesttransformer_data_source.go
  - internal/provider/pluginrequesttransformer_data_source_sdk.go
  - examples/data-sources/kong-gateway_plugin_request_transformer/data-source.tf
  - internal/provider/pluginrequesttransformeradvanced_data_source.go
  - internal/provider/pluginrequesttransformeradvanced_data_source_sdk.go
  - examples/data-sources/kong-gateway_plugin_request_transformer_advanced/data-source.tf
  - internal/provider/pluginresponsetransformer_data_source.go
  - internal/provider/pluginresponsetransformer_data_source_sdk.go
  - examples/data-sources/kong-gateway_plugin_response_transformer/data-source.tf
  - internal/provider/pluginresponsetransformeradvanced_data_source.go
  - internal/provider/pluginresponsetransformeradvanced_data_source_sdk.go
  - examples/data-sources/kong-gateway_plugin_response_transformer_advanced/data-source.tf
  - internal/provider/pluginsaml_data_source.go
  - internal/provider/pluginsaml_data_source_sdk.go
  - examples/data-sources/kong-gateway_plugin_saml/data-source.tf
  - internal/provider/route_data_source.go
  - internal/provider/route_data_source_sdk.go
  - examples/data-sources/kong-gateway_route/data-source.tf
  - internal/provider/service_data_source.go
  - internal/provider/service_data_source_sdk.go
  - examples/data-sources/kong-gateway_service/data-source.tf
  - internal/provider/sni_data_source.go
  - internal/provider/sni_data_source_sdk.go
  - examples/data-sources/kong-gateway_sni/data-source.tf
  - internal/provider/target_data_source.go
  - internal/provider/target_data_source_sdk.go
  - examples/data-sources/kong-gateway_target/data-source.tf
  - internal/provider/upstream_data_source.go
  - internal/provider/upstream_data_source_sdk.go
  - examples/data-sources/kong-gateway_upstream/data-source.tf
  - internal/provider/vault_data_source.go
  - internal/provider/vault_data_source_sdk.go
  - examples/data-sources/kong-gateway_vault/data-source.tf
  - .gitattributes
