speakeasyVersion: 1.308.2
sources:
    Gateway:
        sourceNamespace: gateway
        sourceRevisionDigest: sha256:a9d1ffb2e5c08a13a8d8c067194b75c1c91e88de372d3307a2346503eed1a048
        sourceBlobDigest: sha256:12c185668023fb1569a35f18b3ea09ea0cb2a4c876d07d6f6f6db273912b3b8c
        tags:
            - latest
    gateway:
        sourceNamespace: gateway
        sourceRevisionDigest: sha256:b2ad57ee4755275a7e5f12ea184745bf5b07628da25981ede11299082db2b9f9
        sourceBlobDigest: sha256:314607092877d568102e041ddd808f13177ee9533afff9bc507eedfe59e6d0f4
        tags:
            - latest
            - add-openapi
targets:
    my-first-target:
        source: Gateway
        sourceNamespace: gateway
        sourceRevisionDigest: sha256:a9d1ffb2e5c08a13a8d8c067194b75c1c91e88de372d3307a2346503eed1a048
        sourceBlobDigest: sha256:12c185668023fb1569a35f18b3ea09ea0cb2a4c876d07d6f6f6db273912b3b8c
        outLocation: .
    tf:
        source: gateway
        sourceNamespace: gateway
        sourceRevisionDigest: sha256:b2ad57ee4755275a7e5f12ea184745bf5b07628da25981ede11299082db2b9f9
        sourceBlobDigest: sha256:314607092877d568102e041ddd808f13177ee9533afff9bc507eedfe59e6d0f4
        outLocation: .
workflow:
    workflowVersion: 1.0.0
    speakeasyVersion: latest
    sources:
        gateway:
            inputs:
                - location: ./openapi.yaml
            overlays:
                - location: ./overlay.yaml
            registry:
                location: registry.speakeasyapi.dev/kong/kong/gateway
    targets:
        tf:
            target: terraform
            source: gateway
            output: .
